
Microsoft Visual Studio Solution File, Format Version 12.00
# Visual Studio Version 17
VisualStudioVersion = 17.13.35931.197 d17.13
MinimumVisualStudioVersion = 10.0.40219.1
Project("{FAE04EC0-301F-11D3-BF4B-00C04F79EFBC}") = "ProyectoClinica.Presecntacion", "ProyectoClinica\ProyectoClinica.Presecntacion.csproj", "{92248B35-1C94-4350-A355-640B5B5DAD7A}"
EndProject
Project("{FAE04EC0-301F-11D3-BF4B-00C04F79EFBC}") = "ProyectoClinica.Business", "ProyectoClinica.Business\ProyectoClinica.Business.csproj", "{D4C4CEF3-0EA2-427D-9291-C22A728874D3}"
EndProject
Project("{FAE04EC0-301F-11D3-BF4B-00C04F79EFBC}") = "ProyectoClinica.Data", "ProyectoClinica.Data\ProyectoClinica.Data.csproj", "{9802DD47-CB78-43E7-8CB7-916B6A9C8908}"
EndProject
Project("{FAE04EC0-301F-11D3-BF4B-00C04F79EFBC}") = "ProyectoClinica.Entities", "ProyectoClinica.Entities\ProyectoClinica.Entities.csproj", "{CC03AC80-299F-4ADE-BEA6-57E12E77F32D}"
EndProject
Global
	GlobalSection(SolutionConfigurationPlatforms) = preSolution
		Debug|Any CPU = Debug|Any CPU
		Release|Any CPU = Release|Any CPU
	EndGlobalSection
	GlobalSection(ProjectConfigurationPlatforms) = postSolution
		{92248B35-1C94-4350-A355-640B5B5DAD7A}.Debug|Any CPU.ActiveCfg = Debug|Any CPU
		{92248B35-1C94-4350-A355-640B5B5DAD7A}.Debug|Any CPU.Build.0 = Debug|Any CPU
		{92248B35-1C94-4350-A355-640B5B5DAD7A}.Release|Any CPU.ActiveCfg = Release|Any CPU
		{92248B35-1C94-4350-A355-640B5B5DAD7A}.Release|Any CPU.Build.0 = Release|Any CPU
		{D4C4CEF3-0EA2-427D-9291-C22A728874D3}.Debug|Any CPU.ActiveCfg = Debug|Any CPU
		{D4C4CEF3-0EA2-427D-9291-C22A728874D3}.Debug|Any CPU.Build.0 = Debug|Any CPU
		{D4C4CEF3-0EA2-427D-9291-C22A728874D3}.Release|Any CPU.ActiveCfg = Release|Any CPU
		{D4C4CEF3-0EA2-427D-9291-C22A728874D3}.Release|Any CPU.Build.0 = Release|Any CPU
		{9802DD47-CB78-43E7-8CB7-916B6A9C8908}.Debug|Any CPU.ActiveCfg = Debug|Any CPU
		{9802DD47-CB78-43E7-8CB7-916B6A9C8908}.Debug|Any CPU.Build.0 = Debug|Any CPU
		{9802DD47-CB78-43E7-8CB7-916B6A9C8908}.Release|Any CPU.ActiveCfg = Release|Any CPU
		{9802DD47-CB78-43E7-8CB7-916B6A9C8908}.Release|Any CPU.Build.0 = Release|Any CPU
		{CC03AC80-299F-4ADE-BEA6-57E12E77F32D}.Debug|Any CPU.ActiveCfg = Debug|Any CPU
		{CC03AC80-299F-4ADE-BEA6-57E12E77F32D}.Debug|Any CPU.Build.0 = Debug|Any CPU
		{CC03AC80-299F-4ADE-BEA6-57E12E77F32D}.Release|Any CPU.ActiveCfg = Release|Any CPU
		{CC03AC80-299F-4ADE-BEA6-57E12E77F32D}.Release|Any CPU.Build.0 = Release|Any CPU
	EndGlobalSection
	GlobalSection(SolutionProperties) = preSolution
		HideSolutionNode = FALSE
	EndGlobalSection
	GlobalSection(ExtensibilityGlobals) = postSolution
		SolutionGuid = {CDCAAC3C-1A6B-4485-B03B-7C1FB264AF2C}
	EndGlobalSection
EndGlobal
